// !$*UTF8*$!
{
	archiveVersion = 1;
	classes = {
	};
	objectVersion = 56;
	objects = {

/* Begin PBXBuildFile section */
		43188B7F288EF4C7005C047A /* SwiftPieChart in Frameworks */ = {isa = PBXBuildFile; productRef = 43188B7E288EF4C7005C047A /* SwiftPieChart */; };
		43575DE32884981900AFF41B /* DecimalInput.swift in Sources */ = {isa = PBXBuildFile; fileRef = 43575DE22884981900AFF41B /* DecimalInput.swift */; };
		43575DE52884A13400AFF41B /* CurrencyPicker.swift in Sources */ = {isa = PBXBuildFile; fileRef = 43575DE42884A13400AFF41B /* CurrencyPicker.swift */; };
		436EAFC0288AF59600BDCC55 /* PortfolioView.swift in Sources */ = {isa = PBXBuildFile; fileRef = 436EAFBF288AF59600BDCC55 /* PortfolioView.swift */; };
		436EAFC2288AF6CA00BDCC55 /* TransactionListView.swift in Sources */ = {isa = PBXBuildFile; fileRef = 436EAFC1288AF6CA00BDCC55 /* TransactionListView.swift */; };
		43E8E4002881B91D00F2640C /* Model.swift in Sources */ = {isa = PBXBuildFile; fileRef = 43E8E3FF2881B91D00F2640C /* Model.swift */; };
		43E8E4032881BA7700F2640C /* Currency.swift in Sources */ = {isa = PBXBuildFile; fileRef = 43E8E4022881BA7700F2640C /* Currency.swift */; };
		43E8E4052881BA9F00F2640C /* Settings.swift in Sources */ = {isa = PBXBuildFile; fileRef = 43E8E4042881BA9F00F2640C /* Settings.swift */; };
		43E8E4072881BAE200F2640C /* Transaction.swift in Sources */ = {isa = PBXBuildFile; fileRef = 43E8E4062881BAE200F2640C /* Transaction.swift */; };
		43E8E4092881BCAD00F2640C /* Asset.swift in Sources */ = {isa = PBXBuildFile; fileRef = 43E8E4082881BCAD00F2640C /* Asset.swift */; };
		43E8E40B2882DE5600F2640C /* TransactionDetailView.swift in Sources */ = {isa = PBXBuildFile; fileRef = 43E8E40A2882DE5600F2640C /* TransactionDetailView.swift */; };
		43EB12D0287F476500ED57C2 /* Portfolio2App.swift in Sources */ = {isa = PBXBuildFile; fileRef = 43EB12CF287F476500ED57C2 /* Portfolio2App.swift */; };
		43EB12D2287F476500ED57C2 /* ContentView.swift in Sources */ = {isa = PBXBuildFile; fileRef = 43EB12D1287F476500ED57C2 /* ContentView.swift */; };
		43EB12D4287F476A00ED57C2 /* Assets.xcassets in Resources */ = {isa = PBXBuildFile; fileRef = 43EB12D3287F476A00ED57C2 /* Assets.xcassets */; };
		43EB12D7287F476A00ED57C2 /* Preview Assets.xcassets in Resources */ = {isa = PBXBuildFile; fileRef = 43EB12D6287F476A00ED57C2 /* Preview Assets.xcassets */; };
		43EB12DE28809B0D00ED57C2 /* SettingsView.swift in Sources */ = {isa = PBXBuildFile; fileRef = 43EB12DD28809B0D00ED57C2 /* SettingsView.swift */; };
		43F3E05A288834650056DDAF /* TransactionCardView.swift in Sources */ = {isa = PBXBuildFile; fileRef = 43F3E059288834650056DDAF /* TransactionCardView.swift */; };
		43F3E05C2888385D0056DDAF /* PreviewModel.swift in Sources */ = {isa = PBXBuildFile; fileRef = 43F3E05B2888385D0056DDAF /* PreviewModel.swift */; };
		43F3E05E288989FE0056DDAF /* Position.swift in Sources */ = {isa = PBXBuildFile; fileRef = 43F3E05D288989FE0056DDAF /* Position.swift */; };
		43F3E0602889E27F0056DDAF /* PositionList.swift in Sources */ = {isa = PBXBuildFile; fileRef = 43F3E05F2889E27F0056DDAF /* PositionList.swift */; };
/* End PBXBuildFile section */

/* Begin PBXFileReference section */
		43575DE22884981900AFF41B /* DecimalInput.swift */ = {isa = PBXFileReference; lastKnownFileType = sourcecode.swift; path = DecimalInput.swift; sourceTree = "<group>"; };
		43575DE42884A13400AFF41B /* CurrencyPicker.swift */ = {isa = PBXFileReference; lastKnownFileType = sourcecode.swift; path = CurrencyPicker.swift; sourceTree = "<group>"; };
		436EAFBF288AF59600BDCC55 /* PortfolioView.swift */ = {isa = PBXFileReference; lastKnownFileType = sourcecode.swift; path = PortfolioView.swift; sourceTree = "<group>"; };
		436EAFC1288AF6CA00BDCC55 /* TransactionListView.swift */ = {isa = PBXFileReference; lastKnownFileType = sourcecode.swift; path = TransactionListView.swift; sourceTree = "<group>"; };
		43E8E3FF2881B91D00F2640C /* Model.swift */ = {isa = PBXFileReference; lastKnownFileType = sourcecode.swift; path = Model.swift; sourceTree = "<group>"; };
		43E8E4022881BA7700F2640C /* Currency.swift */ = {isa = PBXFileReference; lastKnownFileType = sourcecode.swift; path = Currency.swift; sourceTree = "<group>"; };
		43E8E4042881BA9F00F2640C /* Settings.swift */ = {isa = PBXFileReference; lastKnownFileType = sourcecode.swift; path = Settings.swift; sourceTree = "<group>"; };
		43E8E4062881BAE200F2640C /* Transaction.swift */ = {isa = PBXFileReference; lastKnownFileType = sourcecode.swift; path = Transaction.swift; sourceTree = "<group>"; };
		43E8E4082881BCAD00F2640C /* Asset.swift */ = {isa = PBXFileReference; lastKnownFileType = sourcecode.swift; path = Asset.swift; sourceTree = "<group>"; };
		43E8E40A2882DE5600F2640C /* TransactionDetailView.swift */ = {isa = PBXFileReference; lastKnownFileType = sourcecode.swift; path = TransactionDetailView.swift; sourceTree = "<group>"; };
		43EB12CC287F476500ED57C2 /* Portfolio2.app */ = {isa = PBXFileReference; explicitFileType = wrapper.application; includeInIndex = 0; path = Portfolio2.app; sourceTree = BUILT_PRODUCTS_DIR; };
		43EB12CF287F476500ED57C2 /* Portfolio2App.swift */ = {isa = PBXFileReference; lastKnownFileType = sourcecode.swift; path = Portfolio2App.swift; sourceTree = "<group>"; };
		43EB12D1287F476500ED57C2 /* ContentView.swift */ = {isa = PBXFileReference; lastKnownFileType = sourcecode.swift; path = ContentView.swift; sourceTree = "<group>"; };
		43EB12D3287F476A00ED57C2 /* Assets.xcassets */ = {isa = PBXFileReference; lastKnownFileType = folder.assetcatalog; path = Assets.xcassets; sourceTree = "<group>"; };
		43EB12D6287F476A00ED57C2 /* Preview Assets.xcassets */ = {isa = PBXFileReference; lastKnownFileType = folder.assetcatalog; path = "Preview Assets.xcassets"; sourceTree = "<group>"; };
		43EB12DD28809B0D00ED57C2 /* SettingsView.swift */ = {isa = PBXFileReference; lastKnownFileType = sourcecode.swift; path = SettingsView.swift; sourceTree = "<group>"; };
		43F3E059288834650056DDAF /* TransactionCardView.swift */ = {isa = PBXFileReference; lastKnownFileType = sourcecode.swift; path = TransactionCardView.swift; sourceTree = "<group>"; };
		43F3E05B2888385D0056DDAF /* PreviewModel.swift */ = {isa = PBXFileReference; lastKnownFileType = sourcecode.swift; path = PreviewModel.swift; sourceTree = "<group>"; };
		43F3E05D288989FE0056DDAF /* Position.swift */ = {isa = PBXFileReference; lastKnownFileType = sourcecode.swift; path = Position.swift; sourceTree = "<group>"; };
		43F3E05F2889E27F0056DDAF /* PositionList.swift */ = {isa = PBXFileReference; lastKnownFileType = sourcecode.swift; path = PositionList.swift; sourceTree = "<group>"; };
/* End PBXFileReference section */

/* Begin PBXFrameworksBuildPhase section */
		43EB12C9287F476500ED57C2 /* Frameworks */ = {
			isa = PBXFrameworksBuildPhase;
			buildActionMask = 2147483647;
			files = (
				43188B7F288EF4C7005C047A /* SwiftPieChart in Frameworks */,
			);
			runOnlyForDeploymentPostprocessing = 0;
		};
/* End PBXFrameworksBuildPhase section */

/* Begin PBXGroup section */
		43E8E4012881BA6400F2640C /* model */ = {
			isa = PBXGroup;
			children = (
				43E8E3FF2881B91D00F2640C /* Model.swift */,
				43E8E4022881BA7700F2640C /* Currency.swift */,
				43E8E4042881BA9F00F2640C /* Settings.swift */,
				43E8E4062881BAE200F2640C /* Transaction.swift */,
				43E8E4082881BCAD00F2640C /* Asset.swift */,
				43575DE22884981900AFF41B /* DecimalInput.swift */,
				43575DE42884A13400AFF41B /* CurrencyPicker.swift */,
				43F3E05D288989FE0056DDAF /* Position.swift */,
			);
			path = model;
			sourceTree = "<group>";
		};
		43EB12C3287F476400ED57C2 = {
			isa = PBXGroup;
			children = (
				43EB12CE287F476500ED57C2 /* Portfolio2 */,
				43EB12CD287F476500ED57C2 /* Products */,
			);
			sourceTree = "<group>";
		};
		43EB12CD287F476500ED57C2 /* Products */ = {
			isa = PBXGroup;
			children = (
				43EB12CC287F476500ED57C2 /* Portfolio2.app */,
			);
			name = Products;
			sourceTree = "<group>";
		};
		43EB12CE287F476500ED57C2 /* Portfolio2 */ = {
			isa = PBXGroup;
			children = (
				43E8E4012881BA6400F2640C /* model */,
				43EB12CF287F476500ED57C2 /* Portfolio2App.swift */,
				43EB12D1287F476500ED57C2 /* ContentView.swift */,
				43E8E40A2882DE5600F2640C /* TransactionDetailView.swift */,
				43EB12DD28809B0D00ED57C2 /* SettingsView.swift */,
				43EB12D3287F476A00ED57C2 /* Assets.xcassets */,
				43EB12D5287F476A00ED57C2 /* Preview Content */,
				43F3E059288834650056DDAF /* TransactionCardView.swift */,
				43F3E05F2889E27F0056DDAF /* PositionList.swift */,
				436EAFBF288AF59600BDCC55 /* PortfolioView.swift */,
				436EAFC1288AF6CA00BDCC55 /* TransactionListView.swift */,
			);
			path = Portfolio2;
			sourceTree = "<group>";
		};
		43EB12D5287F476A00ED57C2 /* Preview Content */ = {
			isa = PBXGroup;
			children = (
				43EB12D6287F476A00ED57C2 /* Preview Assets.xcassets */,
				43F3E05B2888385D0056DDAF /* PreviewModel.swift */,
			);
			path = "Preview Content";
			sourceTree = "<group>";
		};
/* End PBXGroup section */

/* Begin PBXNativeTarget section */
		43EB12CB287F476500ED57C2 /* Portfolio2 */ = {
			isa = PBXNativeTarget;
			buildConfigurationList = 43EB12DA287F476A00ED57C2 /* Build configuration list for PBXNativeTarget "Portfolio2" */;
			buildPhases = (
				43EB12C8287F476500ED57C2 /* Sources */,
				43EB12C9287F476500ED57C2 /* Frameworks */,
				43EB12CA287F476500ED57C2 /* Resources */,
			);
			buildRules = (
			);
			dependencies = (
			);
			name = Portfolio2;
			packageProductDependencies = (
				43188B7E288EF4C7005C047A /* SwiftPieChart */,
			);
			productName = Portfolio2;
			productReference = 43EB12CC287F476500ED57C2 /* Portfolio2.app */;
			productType = "com.apple.product-type.application";
		};
/* End PBXNativeTarget section */

/* Begin PBXProject section */
		43EB12C4287F476400ED57C2 /* Project object */ = {
			isa = PBXProject;
			attributes = {
				BuildIndependentTargetsInParallel = 1;
				LastSwiftUpdateCheck = 1400;
				LastUpgradeCheck = 1400;
				TargetAttributes = {
					43EB12CB287F476500ED57C2 = {
						CreatedOnToolsVersion = 14.0;
					};
				};
			};
			buildConfigurationList = 43EB12C7287F476400ED57C2 /* Build configuration list for PBXProject "Portfolio2" */;
			compatibilityVersion = "Xcode 14.0";
			developmentRegion = en;
			hasScannedForEncodings = 0;
			knownRegions = (
				en,
				Base,
			);
			mainGroup = 43EB12C3287F476400ED57C2;
			packageReferences = (
				43188B7D288EF4C7005C047A /* XCRemoteSwiftPackageReference "SwiftPieChart" */,
			);
			productRefGroup = 43EB12CD287F476500ED57C2 /* Products */;
			projectDirPath = "";
			projectRoot = "";
			targets = (
				43EB12CB287F476500ED57C2 /* Portfolio2 */,
			);
		};
/* End PBXProject section */

/* Begin PBXResourcesBuildPhase section */
		43EB12CA287F476500ED57C2 /* Resources */ = {
			isa = PBXResourcesBuildPhase;
			buildActionMask = 2147483647;
			files = (
				43EB12D7287F476A00ED57C2 /* Preview Assets.xcassets in Resources */,
				43EB12D4287F476A00ED57C2 /* Assets.xcassets in Resources */,
			);
			runOnlyForDeploymentPostprocessing = 0;
		};
/* End PBXResourcesBuildPhase section */

/* Begin PBXSourcesBuildPhase section */
		43EB12C8287F476500ED57C2 /* Sources */ = {
			isa = PBXSourcesBuildPhase;
			buildActionMask = 2147483647;
			files = (
				43F3E05E288989FE0056DDAF /* Position.swift in Sources */,
				43575DE32884981900AFF41B /* DecimalInput.swift in Sources */,
				43E8E4072881BAE200F2640C /* Transaction.swift in Sources */,
				43E8E4052881BA9F00F2640C /* Settings.swift in Sources */,
				43EB12DE28809B0D00ED57C2 /* SettingsView.swift in Sources */,
				43E8E4032881BA7700F2640C /* Currency.swift in Sources */,
				43575DE52884A13400AFF41B /* CurrencyPicker.swift in Sources */,
				436EAFC0288AF59600BDCC55 /* PortfolioView.swift in Sources */,
				43F3E0602889E27F0056DDAF /* PositionList.swift in Sources */,
				43EB12D2287F476500ED57C2 /* ContentView.swift in Sources */,
				436EAFC2288AF6CA00BDCC55 /* TransactionListView.swift in Sources */,
				43EB12D0287F476500ED57C2 /* Portfolio2App.swift in Sources */,
				43E8E4092881BCAD00F2640C /* Asset.swift in Sources */,
				43E8E4002881B91D00F2640C /* Model.swift in Sources */,
				43F3E05A288834650056DDAF /* TransactionCardView.swift in Sources */,
				43F3E05C2888385D0056DDAF /* PreviewModel.swift in Sources */,
				43E8E40B2882DE5600F2640C /* TransactionDetailView.swift in Sources */,
			);
			runOnlyForDeploymentPostprocessing = 0;
		};
/* End PBXSourcesBuildPhase section */

/* Begin XCBuildConfiguration section */
		43EB12D8287F476A00ED57C2 /* Debug */ = {
			isa = XCBuildConfiguration;
			buildSettings = {
				ALWAYS_SEARCH_USER_PATHS = NO;
				CLANG_ANALYZER_NONNULL = YES;
				CLANG_ANALYZER_NUMBER_OBJECT_CONVERSION = YES_AGGRESSIVE;
				CLANG_CXX_LANGUAGE_STANDARD = "gnu++20";
				CLANG_ENABLE_MODULES = YES;
				CLANG_ENABLE_OBJC_ARC = YES;
				CLANG_ENABLE_OBJC_WEAK = YES;
				CLANG_WARN_BLOCK_CAPTURE_AUTORELEASING = YES;
				CLANG_WARN_BOOL_CONVERSION = YES;
				CLANG_WARN_COMMA = YES;
				CLANG_WARN_CONSTANT_CONVERSION = YES;
				CLANG_WARN_DEPRECATED_OBJC_IMPLEMENTATIONS = YES;
				CLANG_WARN_DIRECT_OBJC_ISA_USAGE = YES_ERROR;
				CLANG_WARN_DOCUMENTATION_COMMENTS = YES;
				CLANG_WARN_EMPTY_BODY = YES;
				CLANG_WARN_ENUM_CONVERSION = YES;
				CLANG_WARN_INFINITE_RECURSION = YES;
				CLANG_WARN_INT_CONVERSION = YES;
				CLANG_WARN_NON_LITERAL_NULL_CONVERSION = YES;
				CLANG_WARN_OBJC_IMPLICIT_RETAIN_SELF = YES;
				CLANG_WARN_OBJC_LITERAL_CONVERSION = YES;
				CLANG_WARN_OBJC_ROOT_CLASS = YES_ERROR;
				CLANG_WARN_QUOTED_INCLUDE_IN_FRAMEWORK_HEADER = YES;
				CLANG_WARN_RANGE_LOOP_ANALYSIS = YES;
				CLANG_WARN_STRICT_PROTOTYPES = YES;
				CLANG_WARN_SUSPICIOUS_MOVE = YES;
				CLANG_WARN_UNGUARDED_AVAILABILITY = YES_AGGRESSIVE;
				CLANG_WARN_UNREACHABLE_CODE = YES;
				CLANG_WARN__DUPLICATE_METHOD_MATCH = YES;
				COPY_PHASE_STRIP = NO;
				DEBUG_INFORMATION_FORMAT = dwarf;
				ENABLE_STRICT_OBJC_MSGSEND = YES;
				ENABLE_TESTABILITY = YES;
				GCC_C_LANGUAGE_STANDARD = gnu11;
				GCC_DYNAMIC_NO_PIC = NO;
				GCC_NO_COMMON_BLOCKS = YES;
				GCC_OPTIMIZATION_LEVEL = 0;
				GCC_PREPROCESSOR_DEFINITIONS = (
					"DEBUG=1",
					"$(inherited)",
				);
				GCC_WARN_64_TO_32_BIT_CONVERSION = YES;
				GCC_WARN_ABOUT_RETURN_TYPE = YES_ERROR;
				GCC_WARN_UNDECLARED_SELECTOR = YES;
				GCC_WARN_UNINITIALIZED_AUTOS = YES_AGGRESSIVE;
				GCC_WARN_UNUSED_FUNCTION = YES;
				GCC_WARN_UNUSED_VARIABLE = YES;
				IPHONEOS_DEPLOYMENT_TARGET = 16.0;
				MTL_ENABLE_DEBUG_INFO = INCLUDE_SOURCE;
				MTL_FAST_MATH = YES;
				ONLY_ACTIVE_ARCH = YES;
				SDKROOT = iphoneos;
				SWIFT_ACTIVE_COMPILATION_CONDITIONS = DEBUG;
				SWIFT_OPTIMIZATION_LEVEL = "-Onone";
			};
			name = Debug;
		};
		43EB12D9287F476A00ED57C2 /* Release */ = {
			isa = XCBuildConfiguration;
			buildSettings = {
				ALWAYS_SEARCH_USER_PATHS = NO;
				CLANG_ANALYZER_NONNULL = YES;
				CLANG_ANALYZER_NUMBER_OBJECT_CONVERSION = YES_AGGRESSIVE;
				CLANG_CXX_LANGUAGE_STANDARD = "gnu++20";
				CLANG_ENABLE_MODULES = YES;
				CLANG_ENABLE_OBJC_ARC = YES;
				CLANG_ENABLE_OBJC_WEAK = YES;
				CLANG_WARN_BLOCK_CAPTURE_AUTORELEASING = YES;
				CLANG_WARN_BOOL_CONVERSION = YES;
				CLANG_WARN_COMMA = YES;
				CLANG_WARN_CONSTANT_CONVERSION = YES;
				CLANG_WARN_DEPRECATED_OBJC_IMPLEMENTATIONS = YES;
				CLANG_WARN_DIRECT_OBJC_ISA_USAGE = YES_ERROR;
				CLANG_WARN_DOCUMENTATION_COMMENTS = YES;
				CLANG_WARN_EMPTY_BODY = YES;
				CLANG_WARN_ENUM_CONVERSION = YES;
				CLANG_WARN_INFINITE_RECURSION = YES;
				CLANG_WARN_INT_CONVERSION = YES;
				CLANG_WARN_NON_LITERAL_NULL_CONVERSION = YES;
				CLANG_WARN_OBJC_IMPLICIT_RETAIN_SELF = YES;
				CLANG_WARN_OBJC_LITERAL_CONVERSION = YES;
				CLANG_WARN_OBJC_ROOT_CLASS = YES_ERROR;
				CLANG_WARN_QUOTED_INCLUDE_IN_FRAMEWORK_HEADER = YES;
				CLANG_WARN_RANGE_LOOP_ANALYSIS = YES;
				CLANG_WARN_STRICT_PROTOTYPES = YES;
				CLANG_WARN_SUSPICIOUS_MOVE = YES;
				CLANG_WARN_UNGUARDED_AVAILABILITY = YES_AGGRESSIVE;
				CLANG_WARN_UNREACHABLE_CODE = YES;
				CLANG_WARN__DUPLICATE_METHOD_MATCH = YES;
				COPY_PHASE_STRIP = NO;
				DEBUG_INFORMATION_FORMAT = "dwarf-with-dsym";
				ENABLE_NS_ASSERTIONS = NO;
				ENABLE_STRICT_OBJC_MSGSEND = YES;
				GCC_C_LANGUAGE_STANDARD = gnu11;
				GCC_NO_COMMON_BLOCKS = YES;
				GCC_WARN_64_TO_32_BIT_CONVERSION = YES;
				GCC_WARN_ABOUT_RETURN_TYPE = YES_ERROR;
				GCC_WARN_UNDECLARED_SELECTOR = YES;
				GCC_WARN_UNINITIALIZED_AUTOS = YES_AGGRESSIVE;
				GCC_WARN_UNUSED_FUNCTION = YES;
				GCC_WARN_UNUSED_VARIABLE = YES;
				IPHONEOS_DEPLOYMENT_TARGET = 16.0;
				MTL_ENABLE_DEBUG_INFO = NO;
				MTL_FAST_MATH = YES;
				SDKROOT = iphoneos;
				SWIFT_COMPILATION_MODE = wholemodule;
				SWIFT_OPTIMIZATION_LEVEL = "-O";
				VALIDATE_PRODUCT = YES;
			};
			name = Release;
		};
		43EB12DB287F476A00ED57C2 /* Debug */ = {
			isa = XCBuildConfiguration;
			buildSettings = {
				ASSETCATALOG_COMPILER_APPICON_NAME = AppIcon;
				ASSETCATALOG_COMPILER_GLOBAL_ACCENT_COLOR_NAME = AccentColor;
				CODE_SIGN_STYLE = Automatic;
				CURRENT_PROJECT_VERSION = 1;
				DEVELOPMENT_ASSET_PATHS = "\"Portfolio2/Preview Content\"";
				DEVELOPMENT_TEAM = 2Q93RD8D4A;
				ENABLE_PREVIEWS = YES;
				GENERATE_INFOPLIST_FILE = YES;
				INFOPLIST_KEY_UIApplicationSceneManifest_Generation = YES;
				INFOPLIST_KEY_UIApplicationSupportsIndirectInputEvents = YES;
				INFOPLIST_KEY_UILaunchScreen_Generation = YES;
				INFOPLIST_KEY_UISupportedInterfaceOrientations_iPad = "UIInterfaceOrientationPortrait UIInterfaceOrientationPortraitUpsideDown UIInterfaceOrientationLandscapeLeft UIInterfaceOrientationLandscapeRight";
				INFOPLIST_KEY_UISupportedInterfaceOrientations_iPhone = "UIInterfaceOrientationPortrait UIInterfaceOrientationLandscapeLeft UIInterfaceOrientationLandscapeRight";
				LD_RUNPATH_SEARCH_PATHS = (
					"$(inherited)",
					"@executable_path/Frameworks",
				);
				MARKETING_VERSION = 1.0;
				PRODUCT_BUNDLE_IDENTIFIER = personal.Portfolio2;
				PRODUCT_NAME = "$(TARGET_NAME)";
				SWIFT_EMIT_LOC_STRINGS = YES;
				SWIFT_VERSION = 5.0;
				TARGETED_DEVICE_FAMILY = "1,2";
			};
			name = Debug;
		};
		43EB12DC287F476A00ED57C2 /* Release */ = {
			isa = XCBuildConfiguration;
			buildSettings = {
				ASSETCATALOG_COMPILER_APPICON_NAME = AppIcon;
				ASSETCATALOG_COMPILER_GLOBAL_ACCENT_COLOR_NAME = AccentColor;
				CODE_SIGN_STYLE = Automatic;
				CURRENT_PROJECT_VERSION = 1;
				DEVELOPMENT_ASSET_PATHS = "\"Portfolio2/Preview Content\"";
				DEVELOPMENT_TEAM = 2Q93RD8D4A;
				ENABLE_PREVIEWS = YES;
				GENERATE_INFOPLIST_FILE = YES;
				INFOPLIST_KEY_UIApplicationSceneManifest_Generation = YES;
				INFOPLIST_KEY_UIApplicationSupportsIndirectInputEvents = YES;
				INFOPLIST_KEY_UILaunchScreen_Generation = YES;
				INFOPLIST_KEY_UISupportedInterfaceOrientations_iPad = "UIInterfaceOrientationPortrait UIInterfaceOrientationPortraitUpsideDown UIInterfaceOrientationLandscapeLeft UIInterfaceOrientationLandscapeRight";
				INFOPLIST_KEY_UISupportedInterfaceOrientations_iPhone = "UIInterfaceOrientationPortrait UIInterfaceOrientationLandscapeLeft UIInterfaceOrientationLandscapeRight";
				LD_RUNPATH_SEARCH_PATHS = (
					"$(inherited)",
					"@executable_path/Frameworks",
				);
				MARKETING_VERSION = 1.0;
				PRODUCT_BUNDLE_IDENTIFIER = personal.Portfolio2;
				PRODUCT_NAME = "$(TARGET_NAME)";
				SWIFT_EMIT_LOC_STRINGS = YES;
				SWIFT_VERSION = 5.0;
				TARGETED_DEVICE_FAMILY = "1,2";
			};
			name = Release;
		};
/* End XCBuildConfiguration section */

/* Begin XCConfigurationList section */
		43EB12C7287F476400ED57C2 /* Build configuration list for PBXProject "Portfolio2" */ = {
			isa = XCConfigurationList;
			buildConfigurations = (
				43EB12D8287F476A00ED57C2 /* Debug */,
				43EB12D9287F476A00ED57C2 /* Release */,
			);
			defaultConfigurationIsVisible = 0;
			defaultConfigurationName = Release;
		};
		43EB12DA287F476A00ED57C2 /* Build configuration list for PBXNativeTarget "Portfolio2" */ = {
			isa = XCConfigurationList;
			buildConfigurations = (
				43EB12DB287F476A00ED57C2 /* Debug */,
				43EB12DC287F476A00ED57C2 /* Release */,
			);
			defaultConfigurationIsVisible = 0;
			defaultConfigurationName = Release;
		};
/* End XCConfigurationList section */

/* Begin XCRemoteSwiftPackageReference section */
		43188B7D288EF4C7005C047A /* XCRemoteSwiftPackageReference "SwiftPieChart" */ = {
			isa = XCRemoteSwiftPackageReference;
			repositoryURL = "https://github.com/ilamanov/SwiftPieChart";
			requirement = {
				kind = upToNextMajorVersion;
				minimumVersion = 1.0.0;
			};
		};
/* End XCRemoteSwiftPackageReference section */

/* Begin XCSwiftPackageProductDependency section */
		43188B7E288EF4C7005C047A /* SwiftPieChart */ = {
			isa = XCSwiftPackageProductDependency;
			package = 43188B7D288EF4C7005C047A /* XCRemoteSwiftPackageReference "SwiftPieChart" */;
			productName = SwiftPieChart;
		};
/* End XCSwiftPackageProductDependency section */
	};
	rootObject = 43EB12C4287F476400ED57C2 /* Project object */;
}
